# This file is automatically @generated by Cargo.
# It is not intended for manual editing.
version = 4

[[package]]
name = "pointsav-system-core"
version = "0.1.0"

[[package]]
name = "pointsav-system-interface"
version = "0.1.0"
dependencies = [
 "pointsav-system-core",
]

[[package]]
name = "pointsav-system-security"
version = "0.1.0"
dependencies = [
 "pointsav-system-core",
]

[[package]]
name = "pointsav-system-substrate"
version = "0.1.0"
dependencies = [
 "pointsav-system-core",
]
